{
  "name": "contrib-updater",
  "requires": true,
  "lockfileVersion": 1,
  "dependencies": {
    "@vercel/ncc": {
      "version": "0.23.0",
      "resolved": "https://registry.npmjs.org/@vercel/ncc/-/ncc-0.23.0.tgz",
      "integrity": "sha512-Fcr1qlG9t54X4X9qbo/+jr1+t5Qc6H3TgIRBXmKkF/WDs6YFulAN6ilq2Ehx38RbgIOFxaZnjlAQ50GyexnMpQ==",
      "dev": true
    },
    "xhr2": {
      "version": "0.2.0",
      "resolved": "https://registry.npmjs.org/xhr2/-/xhr2-0.2.0.tgz",
      "integrity": "sha512-BDtiD0i2iKPK/S8OAZfpk6tyzEDnKKSjxWHcMBVmh+LuqJ8A32qXTyOx+TVOg2dKvq6zGBq2sgKPkEeRs1qTRA=="
    }
  }
}
